// !$*UTF8*$!
{
	archiveVersion = 1;
	classes = {
	};
	objectVersion = 46;
	objects = {

/* Begin PBXBuildFile section */
		1F696C9A1CDD15AF00D05B3B /* AppDelegate.swift in Sources */ = {isa = PBXBuildFile; fileRef = 1F696C991CDD15AF00D05B3B /* AppDelegate.swift */; };
		1F696C9C1CDD15AF00D05B3B /* FirstViewController.swift in Sources */ = {isa = PBXBuildFile; fileRef = 1F696C9B1CDD15AF00D05B3B /* FirstViewController.swift */; };
		1F696C9E1CDD15AF00D05B3B /* SecondViewController.swift in Sources */ = {isa = PBXBuildFile; fileRef = 1F696C9D1CDD15AF00D05B3B /* SecondViewController.swift */; };
		1F696CA11CDD15AF00D05B3B /* Main.storyboard in Resources */ = {isa = PBXBuildFile; fileRef = 1F696C9F1CDD15AF00D05B3B /* Main.storyboard */; };
		1F696CA31CDD15AF00D05B3B /* Assets.xcassets in Resources */ = {isa = PBXBuildFile; fileRef = 1F696CA21CDD15AF00D05B3B /* Assets.xcassets */; };
		1F696CA61CDD15AF00D05B3B /* LaunchScreen.storyboard in Resources */ = {isa = PBXBuildFile; fileRef = 1F696CA41CDD15AF00D05B3B /* LaunchScreen.storyboard */; };
/* End PBXBuildFile section */

/* Begin PBXFileReference section */
		1F696C961CDD15AF00D05B3B /* make-footprints-great-again.app */ = {isa = PBXFileReference; explicitFileType = wrapper.application; includeInIndex = 0; path = "make-footprints-great-again.app"; sourceTree = BUILT_PRODUCTS_DIR; };
		1F696C991CDD15AF00D05B3B /* AppDelegate.swift */ = {isa = PBXFileReference; lastKnownFileType = sourcecode.swift; path = AppDelegate.swift; sourceTree = "<group>"; };
		1F696C9B1CDD15AF00D05B3B /* FirstViewController.swift */ = {isa = PBXFileReference; lastKnownFileType = sourcecode.swift; path = FirstViewController.swift; sourceTree = "<group>"; };
		1F696C9D1CDD15AF00D05B3B /* SecondViewController.swift */ = {isa = PBXFileReference; lastKnownFileType = sourcecode.swift; path = SecondViewController.swift; sourceTree = "<group>"; };
		1F696CA01CDD15AF00D05B3B /* Base */ = {isa = PBXFileReference; lastKnownFileType = file.storyboard; name = Base; path = Base.lproj/Main.storyboard; sourceTree = "<group>"; };
		1F696CA21CDD15AF00D05B3B /* Assets.xcassets */ = {isa = PBXFileReference; lastKnownFileType = folder.assetcatalog; path = Assets.xcassets; sourceTree = "<group>"; };
		1F696CA51CDD15AF00D05B3B /* Base */ = {isa = PBXFileReference; lastKnownFileType = file.storyboard; name = Base; path = Base.lproj/LaunchScreen.storyboard; sourceTree = "<group>"; };
		1F696CA71CDD15AF00D05B3B /* Info.plist */ = {isa = PBXFileReference; lastKnownFileType = text.plist.xml; path = Info.plist; sourceTree = "<group>"; };
/* End PBXFileReference section */

/* Begin PBXFrameworksBuildPhase section */
		1F696C931CDD15AF00D05B3B /* Frameworks */ = {
			isa = PBXFrameworksBuildPhase;
			buildActionMask = 2147483647;
			files = (
			);
			runOnlyForDeploymentPostprocessing = 0;
		};
/* End PBXFrameworksBuildPhase section */

/* Begin PBXGroup section */
		1F696C8D1CDD15AF00D05B3B = {
			isa = PBXGroup;
			children = (
				1F696C981CDD15AF00D05B3B /* make-footprints-great-again */,
				1F696C971CDD15AF00D05B3B /* Products */,
			);
			sourceTree = "<group>";
		};
		1F696C971CDD15AF00D05B3B /* Products */ = {
			isa = PBXGroup;
			children = (
				1F696C961CDD15AF00D05B3B /* make-footprints-great-again.app */,
			);
			name = Products;
			sourceTree = "<group>";
		};
		1F696C981CDD15AF00D05B3B /* make-footprints-great-again */ = {
			isa = PBXGroup;
			children = (
				1F696C991CDD15AF00D05B3B /* AppDelegate.swift */,
				1F696C9B1CDD15AF00D05B3B /* FirstViewController.swift */,
				1F696C9D1CDD15AF00D05B3B /* SecondViewController.swift */,
				1F696C9F1CDD15AF00D05B3B /* Main.storyboard */,
				1F696CA21CDD15AF00D05B3B /* Assets.xcassets */,
				1F696CA41CDD15AF00D05B3B /* LaunchScreen.storyboard */,
				1F696CA71CDD15AF00D05B3B /* Info.plist */,
			);
			path = "make-footprints-great-again";
			sourceTree = "<group>";
		};
/* End PBXGroup section */

/* Begin PBXNativeTarget section */
		1F696C951CDD15AF00D05B3B /* make-footprints-great-again */ = {
			isa = PBXNativeTarget;
			buildConfigurationList = 1F696CAA1CDD15AF00D05B3B /* Build configuration list for PBXNativeTarget "make-footprints-great-again" */;
			buildPhases = (
				1F696C921CDD15AF00D05B3B /* Sources */,
				1F696C931CDD15AF00D05B3B /* Frameworks */,
				1F696C941CDD15AF00D05B3B /* Resources */,
			);
			buildRules = (
			);
			dependencies = (
			);
			name = "make-footprints-great-again";
			productName = "make-footprints-great-again";
			productReference = 1F696C961CDD15AF00D05B3B /* make-footprints-great-again.app */;
			productType = "com.apple.product-type.application";
		};
/* End PBXNativeTarget section */

/* Begin PBXProject section */
		1F696C8E1CDD15AF00D05B3B /* Project object */ = {
			isa = PBXProject;
			attributes = {
				LastSwiftUpdateCheck = 0730;
				LastUpgradeCheck = 0730;
				ORGANIZATIONNAME = "Rohit Bhaskar";
				TargetAttributes = {
					1F696C951CDD15AF00D05B3B = {
						CreatedOnToolsVersion = 7.3.1;
					};
				};
			};
			buildConfigurationList = 1F696C911CDD15AF00D05B3B /* Build configuration list for PBXProject "make-footprints-great-again" */;
			compatibilityVersion = "Xcode 3.2";
			developmentRegion = English;
			hasScannedForEncodings = 0;
			knownRegions = (
				en,
				Base,
			);
			mainGroup = 1F696C8D1CDD15AF00D05B3B;
			productRefGroup = 1F696C971CDD15AF00D05B3B /* Products */;
			projectDirPath = "";
			projectRoot = "";
			targets = (
				1F696C951CDD15AF00D05B3B /* make-footprints-great-again */,
			);
		};
/* End PBXProject section */

/* Begin PBXResourcesBuildPhase section */
		1F696C941CDD15AF00D05B3B /* Resources */ = {
			isa = PBXResourcesBuildPhase;
			buildActionMask = 2147483647;
			files = (
				1F696CA61CDD15AF00D05B3B /* LaunchScreen.storyboard in Resources */,
				1F696CA31CDD15AF00D05B3B /* Assets.xcassets in Resources */,
				1F696CA11CDD15AF00D05B3B /* Main.storyboard in Resources */,
			);
			runOnlyForDeploymentPostprocessing = 0;
		};
/* End PBXResourcesBuildPhase section */

/* Begin PBXSourcesBuildPhase section */
		1F696C921CDD15AF00D05B3B /* Sources */ = {
			isa = PBXSourcesBuildPhase;
			buildActionMask = 2147483647;
			files = (
				1F696C9E1CDD15AF00D05B3B /* SecondViewController.swift in Sources */,
				1F696C9A1CDD15AF00D05B3B /* AppDelegate.swift in Sources */,
				1F696C9C1CDD15AF00D05B3B /* FirstViewController.swift in Sources */,
			);
			runOnlyForDeploymentPostprocessing = 0;
		};
/* End PBXSourcesBuildPhase section */

/* Begin PBXVariantGroup section */
		1F696C9F1CDD15AF00D05B3B /* Main.storyboard */ = {
			isa = PBXVariantGroup;
			children = (
				1F696CA01CDD15AF00D05B3B /* Base */,
			);
			name = Main.storyboard;
			sourceTree = "<group>";
		};
		1F696CA41CDD15AF00D05B3B /* LaunchScreen.storyboard */ = {
			isa = PBXVariantGroup;
			children = (
				1F696CA51CDD15AF00D05B3B /* Base */,
			);
			name = LaunchScreen.storyboard;
			sourceTree = "<group>";
		};
/* End PBXVariantGroup section */

/* Begin XCBuildConfiguration section */
		1F696CA81CDD15AF00D05B3B /* Debug */ = {
			isa = XCBuildConfiguration;
			buildSettings = {
				ALWAYS_SEARCH_USER_PATHS = NO;
				CLANG_ANALYZER_NONNULL = YES;
				CLANG_CXX_LANGUAGE_STANDARD = "gnu++0x";
				CLANG_CXX_LIBRARY = "libc++";
				CLANG_ENABLE_MODULES = YES;
				CLANG_ENABLE_OBJC_ARC = YES;
				CLANG_WARN_BOOL_CONVERSION = YES;
				CLANG_WARN_CONSTANT_CONVERSION = YES;
				CLANG_WARN_DIRECT_OBJC_ISA_USAGE = YES_ERROR;
				CLANG_WARN_EMPTY_BODY = YES;
				CLANG_WARN_ENUM_CONVERSION = YES;
				CLANG_WARN_INT_CONVERSION = YES;
				CLANG_WARN_OBJC_ROOT_CLASS = YES_ERROR;
				CLANG_WARN_UNREACHABLE_CODE = YES;
				CLANG_WARN__DUPLICATE_METHOD_MATCH = YES;
				"CODE_SIGN_IDENTITY[sdk=iphoneos*]" = "iPhone Developer";
				COPY_PHASE_STRIP = NO;
				DEBUG_INFORMATION_FORMAT = dwarf;
				ENABLE_STRICT_OBJC_MSGSEND = YES;
				ENABLE_TESTABILITY = YES;
				GCC_C_LANGUAGE_STANDARD = gnu99;
				GCC_DYNAMIC_NO_PIC = NO;
				GCC_NO_COMMON_BLOCKS = YES;
				GCC_OPTIMIZATION_LEVEL = 0;
				GCC_PREPROCESSOR_DEFINITIONS = (
					"DEBUG=1",
					"$(inherited)",
				);
				GCC_WARN_64_TO_32_BIT_CONVERSION = YES;
				GCC_WARN_ABOUT_RETURN_TYPE = YES_ERROR;
				GCC_WARN_UNDECLARED_SELECTOR = YES;
				GCC_WARN_UNINITIALIZED_AUTOS = YES_AGGRESSIVE;
				GCC_WARN_UNUSED_FUNCTION = YES;
				GCC_WARN_UNUSED_VARIABLE = YES;
				IPHONEOS_DEPLOYMENT_TARGET = 9.3;
				MTL_ENABLE_DEBUG_INFO = YES;
				ONLY_ACTIVE_ARCH = YES;
				SDKROOT = iphoneos;
				SWIFT_OPTIMIZATION_LEVEL = "-Onone";
				TARGETED_DEVICE_FAMILY = "1,2";
			};
			name = Debug;
		};
		1F696CA91CDD15AF00D05B3B /* Release */ = {
			isa = XCBuildConfiguration;
			buildSettings = {
				ALWAYS_SEARCH_USER_PATHS = NO;
				CLANG_ANALYZER_NONNULL = YES;
				CLANG_CXX_LANGUAGE_STANDARD = "gnu++0x";
				CLANG_CXX_LIBRARY = "libc++";
				CLANG_ENABLE_MODULES = YES;
				CLANG_ENABLE_OBJC_ARC = YES;
				CLANG_WARN_BOOL_CONVERSION = YES;
				CLANG_WARN_CONSTANT_CONVERSION = YES;
				CLANG_WARN_DIRECT_OBJC_ISA_USAGE = YES_ERROR;
				CLANG_WARN_EMPTY_BODY = YES;
				CLANG_WARN_ENUM_CONVERSION = YES;
				CLANG_WARN_INT_CONVERSION = YES;
				CLANG_WARN_OBJC_ROOT_CLASS = YES_ERROR;
				CLANG_WARN_UNREACHABLE_CODE = YES;
				CLANG_WARN__DUPLICATE_METHOD_MATCH = YES;
				"CODE_SIGN_IDENTITY[sdk=iphoneos*]" = "iPhone Developer";
				COPY_PHASE_STRIP = NO;
				DEBUG_INFORMATION_FORMAT = "dwarf-with-dsym";
				ENABLE_NS_ASSERTIONS = NO;
				ENABLE_STRICT_OBJC_MSGSEND = YES;
				GCC_C_LANGUAGE_STANDARD = gnu99;
				GCC_NO_COMMON_BLOCKS = YES;
				GCC_WARN_64_TO_32_BIT_CONVERSION = YES;
				GCC_WARN_ABOUT_RETURN_TYPE = YES_ERROR;
				GCC_WARN_UNDECLARED_SELECTOR = YES;
				GCC_WARN_UNINITIALIZED_AUTOS = YES_AGGRESSIVE;
				GCC_WARN_UNUSED_FUNCTION = YES;
				GCC_WARN_UNUSED_VARIABLE = YES;
				IPHONEOS_DEPLOYMENT_TARGET = 9.3;
				MTL_ENABLE_DEBUG_INFO = NO;
				SDKROOT = iphoneos;
				TARGETED_DEVICE_FAMILY = "1,2";
				VALIDATE_PRODUCT = YES;
			};
			name = Release;
		};
		1F696CAB1CDD15AF00D05B3B /* Debug */ = {
			isa = XCBuildConfiguration;
			buildSettings = {
				ASSETCATALOG_COMPILER_APPICON_NAME = AppIcon;
				INFOPLIST_FILE = "make-footprints-great-again/Info.plist";
				LD_RUNPATH_SEARCH_PATHS = "$(inherited) @executable_path/Frameworks";
				PRODUCT_BUNDLE_IDENTIFIER = "com.rohitbhaskar.make-footprints-great-again";
				PRODUCT_NAME = "$(TARGET_NAME)";
			};
			name = Debug;
		};
		1F696CAC1CDD15AF00D05B3B /* Release */ = {
			isa = XCBuildConfiguration;
			buildSettings = {
				ASSETCATALOG_COMPILER_APPICON_NAME = AppIcon;
				INFOPLIST_FILE = "make-footprints-great-again/Info.plist";
				LD_RUNPATH_SEARCH_PATHS = "$(inherited) @executable_path/Frameworks";
				PRODUCT_BUNDLE_IDENTIFIER = "com.rohitbhaskar.make-footprints-great-again";
				PRODUCT_NAME = "$(TARGET_NAME)";
			};
			name = Release;
		};
/* End XCBuildConfiguration section */

/* Begin XCConfigurationList section */
		1F696C911CDD15AF00D05B3B /* Build configuration list for PBXProject "make-footprints-great-again" */ = {
			isa = XCConfigurationList;
			buildConfigurations = (
				1F696CA81CDD15AF00D05B3B /* Debug */,
				1F696CA91CDD15AF00D05B3B /* Release */,
			);
			defaultConfigurationIsVisible = 0;
			defaultConfigurationName = Release;
		};
		1F696CAA1CDD15AF00D05B3B /* Build configuration list for PBXNativeTarget "make-footprints-great-again" */ = {
			isa = XCConfigurationList;
			buildConfigurations = (
				1F696CAB1CDD15AF00D05B3B /* Debug */,
				1F696CAC1CDD15AF00D05B3B /* Release */,
			);
			defaultConfigurationIsVisible = 0;
		};
/* End XCConfigurationList section */
	};
	rootObject = 1F696C8E1CDD15AF00D05B3B /* Project object */;
}
